
Microsoft Visual Studio Solution File, Format Version 12.00
# Visual Studio Version 17
VisualStudioVersion = 17.5.33502.453
MinimumVisualStudioVersion = 10.0.40219.1
Project("{FAE04EC0-301F-11D3-BF4B-00C04F79EFBC}") = "migration with temp table of primary key table", "migration with temp table of primary key table\migration with temp table of primary key table.csproj", "{AD7B9582-DA98-4907-BA5A-E8704CA02002}"
EndProject
Global
	GlobalSection(SolutionConfigurationPlatforms) = preSolution
		Debug|Any CPU = Debug|Any CPU
		Release|Any CPU = Release|Any CPU
	EndGlobalSection
	GlobalSection(ProjectConfigurationPlatforms) = postSolution
		{AD7B9582-DA98-4907-BA5A-E8704CA02002}.Debug|Any CPU.ActiveCfg = Debug|Any CPU
		{AD7B9582-DA98-4907-BA5A-E8704CA02002}.Debug|Any CPU.Build.0 = Debug|Any CPU
		{AD7B9582-DA98-4907-BA5A-E8704CA02002}.Release|Any CPU.ActiveCfg = Release|Any CPU
		{AD7B9582-DA98-4907-BA5A-E8704CA02002}.Release|Any CPU.Build.0 = Release|Any CPU
	EndGlobalSection
	GlobalSection(SolutionProperties) = preSolution
		HideSolutionNode = FALSE
	EndGlobalSection
	GlobalSection(ExtensibilityGlobals) = postSolution
		SolutionGuid = {6F00987C-5515-4B98-9C45-B67B758E69D2}
	EndGlobalSection
EndGlobal
